// !$*UTF8*$!
{
	archiveVersion = 1;
	classes = {
	};
	objectVersion = 46;
	objects = {

/* Begin PBXBuildFile section */
		9C4E882C1D7CA2FD00BEF51A /* AppDelegate.swift in Sources */ = {isa = PBXBuildFile; fileRef = 9C4E882B1D7CA2FD00BEF51A /* AppDelegate.swift */; };
		9C4E882E1D7CA2FD00BEF51A /* ViewController.swift in Sources */ = {isa = PBXBuildFile; fileRef = 9C4E882D1D7CA2FD00BEF51A /* ViewController.swift */; };
		9C4E88311D7CA2FD00BEF51A /* Main.storyboard in Resources */ = {isa = PBXBuildFile; fileRef = 9C4E882F1D7CA2FD00BEF51A /* Main.storyboard */; };
		9C4E88331D7CA2FD00BEF51A /* Assets.xcassets in Resources */ = {isa = PBXBuildFile; fileRef = 9C4E88321D7CA2FD00BEF51A /* Assets.xcassets */; };
		9C4E88361D7CA2FD00BEF51A /* LaunchScreen.storyboard in Resources */ = {isa = PBXBuildFile; fileRef = 9C4E88341D7CA2FD00BEF51A /* LaunchScreen.storyboard */; };
/* End PBXBuildFile section */

/* Begin PBXFileReference section */
		9C4E88281D7CA2FD00BEF51A /* auto-layout.app */ = {isa = PBXFileReference; explicitFileType = wrapper.application; includeInIndex = 0; path = "auto-layout.app"; sourceTree = BUILT_PRODUCTS_DIR; };
		9C4E882B1D7CA2FD00BEF51A /* AppDelegate.swift */ = {isa = PBXFileReference; lastKnownFileType = sourcecode.swift; path = AppDelegate.swift; sourceTree = "<group>"; };
		9C4E882D1D7CA2FD00BEF51A /* ViewController.swift */ = {isa = PBXFileReference; lastKnownFileType = sourcecode.swift; path = ViewController.swift; sourceTree = "<group>"; };
		9C4E88301D7CA2FD00BEF51A /* Base */ = {isa = PBXFileReference; lastKnownFileType = file.storyboard; name = Base; path = Base.lproj/Main.storyboard; sourceTree = "<group>"; };
		9C4E88321D7CA2FD00BEF51A /* Assets.xcassets */ = {isa = PBXFileReference; lastKnownFileType = folder.assetcatalog; path = Assets.xcassets; sourceTree = "<group>"; };
		9C4E88351D7CA2FD00BEF51A /* Base */ = {isa = PBXFileReference; lastKnownFileType = file.storyboard; name = Base; path = Base.lproj/LaunchScreen.storyboard; sourceTree = "<group>"; };
		9C4E88371D7CA2FD00BEF51A /* Info.plist */ = {isa = PBXFileReference; lastKnownFileType = text.plist.xml; path = Info.plist; sourceTree = "<group>"; };
/* End PBXFileReference section */

/* Begin PBXFrameworksBuildPhase section */
		9C4E88251D7CA2FD00BEF51A /* Frameworks */ = {
			isa = PBXFrameworksBuildPhase;
			buildActionMask = 2147483647;
			files = (
			);
			runOnlyForDeploymentPostprocessing = 0;
		};
/* End PBXFrameworksBuildPhase section */

/* Begin PBXGroup section */
		9C4E881F1D7CA2FD00BEF51A = {
			isa = PBXGroup;
			children = (
				9C4E882A1D7CA2FD00BEF51A /* auto-layout */,
				9C4E88291D7CA2FD00BEF51A /* Products */,
			);
			sourceTree = "<group>";
		};
		9C4E88291D7CA2FD00BEF51A /* Products */ = {
			isa = PBXGroup;
			children = (
				9C4E88281D7CA2FD00BEF51A /* auto-layout.app */,
			);
			name = Products;
			sourceTree = "<group>";
		};
		9C4E882A1D7CA2FD00BEF51A /* auto-layout */ = {
			isa = PBXGroup;
			children = (
				9C4E882B1D7CA2FD00BEF51A /* AppDelegate.swift */,
				9C4E882D1D7CA2FD00BEF51A /* ViewController.swift */,
				9C4E882F1D7CA2FD00BEF51A /* Main.storyboard */,
				9C4E88321D7CA2FD00BEF51A /* Assets.xcassets */,
				9C4E88341D7CA2FD00BEF51A /* LaunchScreen.storyboard */,
				9C4E88371D7CA2FD00BEF51A /* Info.plist */,
			);
			path = "auto-layout";
			sourceTree = "<group>";
		};
/* End PBXGroup section */

/* Begin PBXNativeTarget section */
		9C4E88271D7CA2FD00BEF51A /* auto-layout */ = {
			isa = PBXNativeTarget;
			buildConfigurationList = 9C4E883A1D7CA2FD00BEF51A /* Build configuration list for PBXNativeTarget "auto-layout" */;
			buildPhases = (
				9C4E88241D7CA2FD00BEF51A /* Sources */,
				9C4E88251D7CA2FD00BEF51A /* Frameworks */,
				9C4E88261D7CA2FD00BEF51A /* Resources */,
			);
			buildRules = (
			);
			dependencies = (
			);
			name = "auto-layout";
			productName = "auto-layout";
			productReference = 9C4E88281D7CA2FD00BEF51A /* auto-layout.app */;
			productType = "com.apple.product-type.application";
		};
/* End PBXNativeTarget section */

/* Begin PBXProject section */
		9C4E88201D7CA2FD00BEF51A /* Project object */ = {
			isa = PBXProject;
			attributes = {
				LastSwiftUpdateCheck = 0730;
				LastUpgradeCheck = 0730;
				ORGANIZATIONNAME = "Robert Lowe";
				TargetAttributes = {
					9C4E88271D7CA2FD00BEF51A = {
						CreatedOnToolsVersion = 7.3.1;
					};
				};
			};
			buildConfigurationList = 9C4E88231D7CA2FD00BEF51A /* Build configuration list for PBXProject "auto-layout" */;
			compatibilityVersion = "Xcode 3.2";
			developmentRegion = English;
			hasScannedForEncodings = 0;
			knownRegions = (
				en,
				Base,
			);
			mainGroup = 9C4E881F1D7CA2FD00BEF51A;
			productRefGroup = 9C4E88291D7CA2FD00BEF51A /* Products */;
			projectDirPath = "";
			projectRoot = "";
			targets = (
				9C4E88271D7CA2FD00BEF51A /* auto-layout */,
			);
		};
/* End PBXProject section */

/* Begin PBXResourcesBuildPhase section */
		9C4E88261D7CA2FD00BEF51A /* Resources */ = {
			isa = PBXResourcesBuildPhase;
			buildActionMask = 2147483647;
			files = (
				9C4E88361D7CA2FD00BEF51A /* LaunchScreen.storyboard in Resources */,
				9C4E88331D7CA2FD00BEF51A /* Assets.xcassets in Resources */,
				9C4E88311D7CA2FD00BEF51A /* Main.storyboard in Resources */,
			);
			runOnlyForDeploymentPostprocessing = 0;
		};
/* End PBXResourcesBuildPhase section */

/* Begin PBXSourcesBuildPhase section */
		9C4E88241D7CA2FD00BEF51A /* Sources */ = {
			isa = PBXSourcesBuildPhase;
			buildActionMask = 2147483647;
			files = (
				9C4E882E1D7CA2FD00BEF51A /* ViewController.swift in Sources */,
				9C4E882C1D7CA2FD00BEF51A /* AppDelegate.swift in Sources */,
			);
			runOnlyForDeploymentPostprocessing = 0;
		};
/* End PBXSourcesBuildPhase section */

/* Begin PBXVariantGroup section */
		9C4E882F1D7CA2FD00BEF51A /* Main.storyboard */ = {
			isa = PBXVariantGroup;
			children = (
				9C4E88301D7CA2FD00BEF51A /* Base */,
			);
			name = Main.storyboard;
			sourceTree = "<group>";
		};
		9C4E88341D7CA2FD00BEF51A /* LaunchScreen.storyboard */ = {
			isa = PBXVariantGroup;
			children = (
				9C4E88351D7CA2FD00BEF51A /* Base */,
			);
			name = LaunchScreen.storyboard;
			sourceTree = "<group>";
		};
/* End PBXVariantGroup section */

/* Begin XCBuildConfiguration section */
		9C4E88381D7CA2FD00BEF51A /* Debug */ = {
			isa = XCBuildConfiguration;
			buildSettings = {
				ALWAYS_SEARCH_USER_PATHS = NO;
				CLANG_ANALYZER_NONNULL = YES;
				CLANG_CXX_LANGUAGE_STANDARD = "gnu++0x";
				CLANG_CXX_LIBRARY = "libc++";
				CLANG_ENABLE_MODULES = YES;
				CLANG_ENABLE_OBJC_ARC = YES;
				CLANG_WARN_BOOL_CONVERSION = YES;
				CLANG_WARN_CONSTANT_CONVERSION = YES;
				CLANG_WARN_DIRECT_OBJC_ISA_USAGE = YES_ERROR;
				CLANG_WARN_EMPTY_BODY = YES;
				CLANG_WARN_ENUM_CONVERSION = YES;
				CLANG_WARN_INT_CONVERSION = YES;
				CLANG_WARN_OBJC_ROOT_CLASS = YES_ERROR;
				CLANG_WARN_UNREACHABLE_CODE = YES;
				CLANG_WARN__DUPLICATE_METHOD_MATCH = YES;
				"CODE_SIGN_IDENTITY[sdk=iphoneos*]" = "iPhone Developer";
				COPY_PHASE_STRIP = NO;
				DEBUG_INFORMATION_FORMAT = dwarf;
				ENABLE_STRICT_OBJC_MSGSEND = YES;
				ENABLE_TESTABILITY = YES;
				GCC_C_LANGUAGE_STANDARD = gnu99;
				GCC_DYNAMIC_NO_PIC = NO;
				GCC_NO_COMMON_BLOCKS = YES;
				GCC_OPTIMIZATION_LEVEL = 0;
				GCC_PREPROCESSOR_DEFINITIONS = (
					"DEBUG=1",
					"$(inherited)",
				);
				GCC_WARN_64_TO_32_BIT_CONVERSION = YES;
				GCC_WARN_ABOUT_RETURN_TYPE = YES_ERROR;
				GCC_WARN_UNDECLARED_SELECTOR = YES;
				GCC_WARN_UNINITIALIZED_AUTOS = YES_AGGRESSIVE;
				GCC_WARN_UNUSED_FUNCTION = YES;
				GCC_WARN_UNUSED_VARIABLE = YES;
				IPHONEOS_DEPLOYMENT_TARGET = 9.3;
				MTL_ENABLE_DEBUG_INFO = YES;
				ONLY_ACTIVE_ARCH = YES;
				SDKROOT = iphoneos;
				SWIFT_OPTIMIZATION_LEVEL = "-Onone";
			};
			name = Debug;
		};
		9C4E88391D7CA2FD00BEF51A /* Release */ = {
			isa = XCBuildConfiguration;
			buildSettings = {
				ALWAYS_SEARCH_USER_PATHS = NO;
				CLANG_ANALYZER_NONNULL = YES;
				CLANG_CXX_LANGUAGE_STANDARD = "gnu++0x";
				CLANG_CXX_LIBRARY = "libc++";
				CLANG_ENABLE_MODULES = YES;
				CLANG_ENABLE_OBJC_ARC = YES;
				CLANG_WARN_BOOL_CONVERSION = YES;
				CLANG_WARN_CONSTANT_CONVERSION = YES;
				CLANG_WARN_DIRECT_OBJC_ISA_USAGE = YES_ERROR;
				CLANG_WARN_EMPTY_BODY = YES;
				CLANG_WARN_ENUM_CONVERSION = YES;
				CLANG_WARN_INT_CONVERSION = YES;
				CLANG_WARN_OBJC_ROOT_CLASS = YES_ERROR;
				CLANG_WARN_UNREACHABLE_CODE = YES;
				CLANG_WARN__DUPLICATE_METHOD_MATCH = YES;
				"CODE_SIGN_IDENTITY[sdk=iphoneos*]" = "iPhone Developer";
				COPY_PHASE_STRIP = NO;
				DEBUG_INFORMATION_FORMAT = "dwarf-with-dsym";
				ENABLE_NS_ASSERTIONS = NO;
				ENABLE_STRICT_OBJC_MSGSEND = YES;
				GCC_C_LANGUAGE_STANDARD = gnu99;
				GCC_NO_COMMON_BLOCKS = YES;
				GCC_WARN_64_TO_32_BIT_CONVERSION = YES;
				GCC_WARN_ABOUT_RETURN_TYPE = YES_ERROR;
				GCC_WARN_UNDECLARED_SELECTOR = YES;
				GCC_WARN_UNINITIALIZED_AUTOS = YES_AGGRESSIVE;
				GCC_WARN_UNUSED_FUNCTION = YES;
				GCC_WARN_UNUSED_VARIABLE = YES;
				IPHONEOS_DEPLOYMENT_TARGET = 9.3;
				MTL_ENABLE_DEBUG_INFO = NO;
				SDKROOT = iphoneos;
				VALIDATE_PRODUCT = YES;
			};
			name = Release;
		};
		9C4E883B1D7CA2FD00BEF51A /* Debug */ = {
			isa = XCBuildConfiguration;
			buildSettings = {
				ASSETCATALOG_COMPILER_APPICON_NAME = AppIcon;
				INFOPLIST_FILE = "auto-layout/Info.plist";
				LD_RUNPATH_SEARCH_PATHS = "$(inherited) @executable_path/Frameworks";
				PRODUCT_BUNDLE_IDENTIFIER = "DirtySanchez.auto-layout";
				PRODUCT_NAME = "$(TARGET_NAME)";
			};
			name = Debug;
		};
		9C4E883C1D7CA2FD00BEF51A /* Release */ = {
			isa = XCBuildConfiguration;
			buildSettings = {
				ASSETCATALOG_COMPILER_APPICON_NAME = AppIcon;
				INFOPLIST_FILE = "auto-layout/Info.plist";
				LD_RUNPATH_SEARCH_PATHS = "$(inherited) @executable_path/Frameworks";
				PRODUCT_BUNDLE_IDENTIFIER = "DirtySanchez.auto-layout";
				PRODUCT_NAME = "$(TARGET_NAME)";
			};
			name = Release;
		};
/* End XCBuildConfiguration section */

/* Begin XCConfigurationList section */
		9C4E88231D7CA2FD00BEF51A /* Build configuration list for PBXProject "auto-layout" */ = {
			isa = XCConfigurationList;
			buildConfigurations = (
				9C4E88381D7CA2FD00BEF51A /* Debug */,
				9C4E88391D7CA2FD00BEF51A /* Release */,
			);
			defaultConfigurationIsVisible = 0;
			defaultConfigurationName = Release;
		};
		9C4E883A1D7CA2FD00BEF51A /* Build configuration list for PBXNativeTarget "auto-layout" */ = {
			isa = XCConfigurationList;
			buildConfigurations = (
				9C4E883B1D7CA2FD00BEF51A /* Debug */,
				9C4E883C1D7CA2FD00BEF51A /* Release */,
			);
			defaultConfigurationIsVisible = 0;
		};
/* End XCConfigurationList section */
	};
	rootObject = 9C4E88201D7CA2FD00BEF51A /* Project object */;
}
